# @generated by Move, please check-in and do not edit manually.

[move]
version = 3
manifest_digest = "10944AA0F1590CA15650646C66BA027B77D532E5295D19E52CD4671090E69164"
deps_digest = "F8BBB0CCB2491CA29A3DF03D6F92277A4F3574266507ACD77214D37ECA3F3082"
dependencies = [
  { id = "Sui", name = "Sui" },
]

[[move.package]]
id = "MoveStdlib"
source = { git = "https://github.com/MystenLabs/sui.git", rev = "framework/testnet", subdir = "crates/sui-framework/packages/move-stdlib" }

[[move.package]]
id = "Sui"
source = { git = "https://github.com/MystenLabs/sui.git", rev = "framework/testnet", subdir = "crates/sui-framework/packages/sui-framework" }

dependencies = [
  { id = "MoveStdlib", name = "MoveStdlib" },
]

[move.toolchain-version]
compiler-version = "1.41.0"
edition = "2024.beta"
flavor = "sui"

[env]

[env.devnet]
chain-id = "7f81d47e"
original-published-id = "0xb0cb0a3dc934afa2271e202d1bea54e71da4afdf6955396ff116c1e5d1d38deb"
latest-published-id = "0xb0cb0a3dc934afa2271e202d1bea54e71da4afdf6955396ff116c1e5d1d38deb"
published-version = "1"
